
Microsoft Visual Studio Solution File, Format Version 12.00
# Visual Studio Version 17
VisualStudioVersion = 17.1.32421.90
MinimumVisualStudioVersion = 10.0.40219.1
Project("{9A19103F-16F7-4668-BE54-9A1E7A4F7556}") = "ProfileService", "ProfileService\ProfileService.csproj", "{8A36ECB6-BA98-403E-A445-4F5F5ACED09E}"
EndProject
Project("{9A19103F-16F7-4668-BE54-9A1E7A4F7556}") = "ProfileService.Repository.Interface", "ProfileService.Repository.Interface\ProfileService.Repository.Interface.csproj", "{78464493-7ED2-4DD0-9B8E-57579E070126}"
EndProject
Project("{9A19103F-16F7-4668-BE54-9A1E7A4F7556}") = "ProfileService.Repository", "ProfileService.Repository\ProfileService.Repository.csproj", "{EA682E93-F028-4A72-B9E2-1645DF96A3BE}"
EndProject
Project("{9A19103F-16F7-4668-BE54-9A1E7A4F7556}") = "ProfileService.Service", "ProfileService.Service\ProfileService.Service.csproj", "{32A3CC28-7DD7-46B3-A992-B1CDA535C64D}"
EndProject
Project("{9A19103F-16F7-4668-BE54-9A1E7A4F7556}") = "ProfileService.Service.Interface", "ProfileService.Service.Interface\ProfileService.Service.Interface.csproj", "{E4E9A79F-5C65-4980-8BCF-4D3EE7C40DC5}"
EndProject
Project("{9A19103F-16F7-4668-BE54-9A1E7A4F7556}") = "ProfileService.Model", "ProfileService.Model\ProfileService.Model.csproj", "{98C23628-C1C3-40EE-87FE-2B9B56EB5297}"
EndProject
Project("{2150E333-8FDC-42A3-9474-1A3956D46DE8}") = "Solution Items", "Solution Items", "{4BB6D485-9BB2-477A-A0FA-39701F8CD052}"
	ProjectSection(SolutionItems) = preProject
		.editorconfig = .editorconfig
	EndProjectSection
EndProject
Project("{9A19103F-16F7-4668-BE54-9A1E7A4F7556}") = "ProfileService.UnitTests", "UnitTests\ProfileService.UnitTests.csproj", "{2A3990FF-68C9-4CCE-9FEB-823DD4C45B3C}"
EndProject
Project("{FAE04EC0-301F-11D3-BF4B-00C04F79EFBC}") = "ProfileService.IntegrationTests", "ProfileService.IntegrationTests\ProfileService.IntegrationTests.csproj", "{FBEED1DA-2AE2-47BC-AD4D-46A333521231}"
EndProject
Global
	GlobalSection(SolutionConfigurationPlatforms) = preSolution
		Debug|Any CPU = Debug|Any CPU
		Release|Any CPU = Release|Any CPU
	EndGlobalSection
	GlobalSection(ProjectConfigurationPlatforms) = postSolution
		{8A36ECB6-BA98-403E-A445-4F5F5ACED09E}.Debug|Any CPU.ActiveCfg = Debug|Any CPU
		{8A36ECB6-BA98-403E-A445-4F5F5ACED09E}.Debug|Any CPU.Build.0 = Debug|Any CPU
		{8A36ECB6-BA98-403E-A445-4F5F5ACED09E}.Release|Any CPU.ActiveCfg = Release|Any CPU
		{8A36ECB6-BA98-403E-A445-4F5F5ACED09E}.Release|Any CPU.Build.0 = Release|Any CPU
		{78464493-7ED2-4DD0-9B8E-57579E070126}.Debug|Any CPU.ActiveCfg = Debug|Any CPU
		{78464493-7ED2-4DD0-9B8E-57579E070126}.Debug|Any CPU.Build.0 = Debug|Any CPU
		{78464493-7ED2-4DD0-9B8E-57579E070126}.Release|Any CPU.ActiveCfg = Release|Any CPU
		{78464493-7ED2-4DD0-9B8E-57579E070126}.Release|Any CPU.Build.0 = Release|Any CPU
		{EA682E93-F028-4A72-B9E2-1645DF96A3BE}.Debug|Any CPU.ActiveCfg = Debug|Any CPU
		{EA682E93-F028-4A72-B9E2-1645DF96A3BE}.Debug|Any CPU.Build.0 = Debug|Any CPU
		{EA682E93-F028-4A72-B9E2-1645DF96A3BE}.Release|Any CPU.ActiveCfg = Release|Any CPU
		{EA682E93-F028-4A72-B9E2-1645DF96A3BE}.Release|Any CPU.Build.0 = Release|Any CPU
		{32A3CC28-7DD7-46B3-A992-B1CDA535C64D}.Debug|Any CPU.ActiveCfg = Debug|Any CPU
		{32A3CC28-7DD7-46B3-A992-B1CDA535C64D}.Debug|Any CPU.Build.0 = Debug|Any CPU
		{32A3CC28-7DD7-46B3-A992-B1CDA535C64D}.Release|Any CPU.ActiveCfg = Release|Any CPU
		{32A3CC28-7DD7-46B3-A992-B1CDA535C64D}.Release|Any CPU.Build.0 = Release|Any CPU
		{E4E9A79F-5C65-4980-8BCF-4D3EE7C40DC5}.Debug|Any CPU.ActiveCfg = Debug|Any CPU
		{E4E9A79F-5C65-4980-8BCF-4D3EE7C40DC5}.Debug|Any CPU.Build.0 = Debug|Any CPU
		{E4E9A79F-5C65-4980-8BCF-4D3EE7C40DC5}.Release|Any CPU.ActiveCfg = Release|Any CPU
		{E4E9A79F-5C65-4980-8BCF-4D3EE7C40DC5}.Release|Any CPU.Build.0 = Release|Any CPU
		{98C23628-C1C3-40EE-87FE-2B9B56EB5297}.Debug|Any CPU.ActiveCfg = Debug|Any CPU
		{98C23628-C1C3-40EE-87FE-2B9B56EB5297}.Debug|Any CPU.Build.0 = Debug|Any CPU
		{98C23628-C1C3-40EE-87FE-2B9B56EB5297}.Release|Any CPU.ActiveCfg = Release|Any CPU
		{98C23628-C1C3-40EE-87FE-2B9B56EB5297}.Release|Any CPU.Build.0 = Release|Any CPU
		{2A3990FF-68C9-4CCE-9FEB-823DD4C45B3C}.Debug|Any CPU.ActiveCfg = Debug|Any CPU
		{2A3990FF-68C9-4CCE-9FEB-823DD4C45B3C}.Debug|Any CPU.Build.0 = Debug|Any CPU
		{2A3990FF-68C9-4CCE-9FEB-823DD4C45B3C}.Release|Any CPU.ActiveCfg = Release|Any CPU
		{2A3990FF-68C9-4CCE-9FEB-823DD4C45B3C}.Release|Any CPU.Build.0 = Release|Any CPU
		{FBEED1DA-2AE2-47BC-AD4D-46A333521231}.Debug|Any CPU.ActiveCfg = Debug|Any CPU
		{FBEED1DA-2AE2-47BC-AD4D-46A333521231}.Debug|Any CPU.Build.0 = Debug|Any CPU
		{FBEED1DA-2AE2-47BC-AD4D-46A333521231}.Release|Any CPU.ActiveCfg = Release|Any CPU
		{FBEED1DA-2AE2-47BC-AD4D-46A333521231}.Release|Any CPU.Build.0 = Release|Any CPU
	EndGlobalSection
	GlobalSection(SolutionProperties) = preSolution
		HideSolutionNode = FALSE
	EndGlobalSection
	GlobalSection(ExtensibilityGlobals) = postSolution
		SolutionGuid = {D587A49E-5D86-47A6-B9BC-B05C3E6D1A0A}
	EndGlobalSection
EndGlobal
